
Microsoft Visual Studio Solution File, Format Version 12.00
# Visual Studio 14
VisualStudioVersion = 14.0.25420.1
MinimumVisualStudioVersion = 10.0.40219.1
Project("{FAE04EC0-301F-11D3-BF4B-00C04F79EFBC}") = "TempoMorte", "TempoMorte\TempoMorte.csproj", "{FBFB3B01-F330-4E14-B64F-4BDE2A433457}"
EndProject
Global
	GlobalSection(SolutionConfigurationPlatforms) = preSolution
		Debug|Any CPU = Debug|Any CPU
		Release|Any CPU = Release|Any CPU
	EndGlobalSection
	GlobalSection(ProjectConfigurationPlatforms) = postSolution
		{FBFB3B01-F330-4E14-B64F-4BDE2A433457}.Debug|Any CPU.ActiveCfg = Debug|Any CPU
		{FBFB3B01-F330-4E14-B64F-4BDE2A433457}.Debug|Any CPU.Build.0 = Debug|Any CPU
		{FBFB3B01-F330-4E14-B64F-4BDE2A433457}.Release|Any CPU.ActiveCfg = Release|Any CPU
		{FBFB3B01-F330-4E14-B64F-4BDE2A433457}.Release|Any CPU.Build.0 = Release|Any CPU
	EndGlobalSection
	GlobalSection(SolutionProperties) = preSolution
		HideSolutionNode = FALSE
	EndGlobalSection
EndGlobal
